
Microsoft Visual Studio Solution File, Format Version 11.00
# Visual Studio 2010
Project("{FAE04EC0-301F-11D3-BF4B-00C04F79EFBC}") = "Assembly-CSharp", "Assembly-CSharp.csproj", "{0AF81504-9529-5C14-A5A6-495776C59FB5}"
EndProject
Project("{FAE04EC0-301F-11D3-BF4B-00C04F79EFBC}") = "Assembly-CSharp-Editor", "Assembly-CSharp-Editor.csproj", "{22F0C5A4-1322-40F5-78EC-A9F12042D98B}"
EndProject
Global
	GlobalSection(SolutionConfigurationPlatforms) = preSolution
		Debug|Any CPU = Debug|Any CPU
		Release|Any CPU = Release|Any CPU
	EndGlobalSection
	GlobalSection(ProjectConfigurationPlatforms) = postSolution
		{0AF81504-9529-5C14-A5A6-495776C59FB5}.Debug|Any CPU.ActiveCfg = Debug|Any CPU
		{0AF81504-9529-5C14-A5A6-495776C59FB5}.Debug|Any CPU.Build.0 = Debug|Any CPU
		{0AF81504-9529-5C14-A5A6-495776C59FB5}.Release|Any CPU.ActiveCfg = Release|Any CPU
		{0AF81504-9529-5C14-A5A6-495776C59FB5}.Release|Any CPU.Build.0 = Release|Any CPU
		{22F0C5A4-1322-40F5-78EC-A9F12042D98B}.Debug|Any CPU.ActiveCfg = Debug|Any CPU
		{22F0C5A4-1322-40F5-78EC-A9F12042D98B}.Debug|Any CPU.Build.0 = Debug|Any CPU
		{22F0C5A4-1322-40F5-78EC-A9F12042D98B}.Release|Any CPU.ActiveCfg = Release|Any CPU
		{22F0C5A4-1322-40F5-78EC-A9F12042D98B}.Release|Any CPU.Build.0 = Release|Any CPU
	EndGlobalSection
	GlobalSection(SolutionProperties) = preSolution
		HideSolutionNode = FALSE
	EndGlobalSection
	GlobalSection(MonoDevelopProperties) = preSolution
		StartupItem = Assembly-CSharp.csproj
	EndGlobalSection
EndGlobal
